
Microsoft Visual Studio Solution File, Format Version 12.00
# Visual Studio Version 17
VisualStudioVersion = 17.11.35222.181
MinimumVisualStudioVersion = 10.0.40219.1
Project("{FAE04EC0-301F-11D3-BF4B-00C04F79EFBC}") = "RESTWhithASPNETUdemy", "RESTWhithASPNETUdemy.csproj", "{4736FFFC-E9C1-40B8-B53C-632269262ABE}"
EndProject
Global
	GlobalSection(SolutionConfigurationPlatforms) = preSolution
		Debug|Any CPU = Debug|Any CPU
		Release|Any CPU = Release|Any CPU
	EndGlobalSection
	GlobalSection(ProjectConfigurationPlatforms) = postSolution
		{4736FFFC-E9C1-40B8-B53C-632269262ABE}.Debug|Any CPU.ActiveCfg = Debug|Any CPU
		{4736FFFC-E9C1-40B8-B53C-632269262ABE}.Debug|Any CPU.Build.0 = Debug|Any CPU
		{4736FFFC-E9C1-40B8-B53C-632269262ABE}.Release|Any CPU.ActiveCfg = Release|Any CPU
		{4736FFFC-E9C1-40B8-B53C-632269262ABE}.Release|Any CPU.Build.0 = Release|Any CPU
	EndGlobalSection
	GlobalSection(SolutionProperties) = preSolution
		HideSolutionNode = FALSE
	EndGlobalSection
	GlobalSection(ExtensibilityGlobals) = postSolution
		SolutionGuid = {F34CC7E3-AB16-427B-AA59-42CEDC5F52F3}
	EndGlobalSection
EndGlobal
